{
	"name": "react-circular-input",
	"version": "0.0.0",
	"lockfileVersion": 1,
	"requires": true,
	"dependencies": {
		"@babel/runtime": {
			"version": "7.3.1",
			"resolved": "https://registry.npmjs.org/@babel/runtime/-/runtime-7.3.1.tgz",
			"integrity": "sha512-7jGW8ppV0ant637pIqAcFfQDDH1orEPGJb8aXfUozuCU3QqX7rX4DA8iwrbPrR1hcH0FTTHz47yQnk+bl5xHQA==",
			"dev": true,
			"requires": {
				"regenerator-runtime": "^0.12.0"
			}
		},
		"@types/prop-types": {
			"version": "15.5.8",
			"resolved": "https://registry.npmjs.org/@types/prop-types/-/prop-types-15.5.8.tgz",
			"integrity": "sha512-3AQoUxQcQtLHsK25wtTWIoIpgYjH3vSDroZOUr7PpCHw/jLY1RB9z9E8dBT/OSmwStVgkRNvdh+ZHNiomRieaw==",
			"dev": true
		},
		"@types/react": {
			"version": "16.8.2",
			"resolved": "https://registry.npmjs.org/@types/react/-/react-16.8.2.tgz",
			"integrity": "sha512-6mcKsqlqkN9xADrwiUz2gm9Wg4iGnlVGciwBRYFQSMWG6MQjhOZ/AVnxn+6v8nslFgfYTV8fNdE6XwKu6va5PA==",
			"dev": true,
			"requires": {
				"@types/prop-types": "*",
				"csstype": "^2.2.0"
			}
		},
		"csstype": {
			"version": "2.6.2",
			"resolved": "https://registry.npmjs.org/csstype/-/csstype-2.6.2.tgz",
			"integrity": "sha512-Rl7PvTae0pflc1YtxtKbiSqq20Ts6vpIYOD5WBafl4y123DyHUeLrRdQP66sQW8/6gmX8jrYJLXwNeMqYVJcow==",
			"dev": true
		},
		"prettier": {
			"version": "1.16.4",
			"resolved": "https://registry.npmjs.org/prettier/-/prettier-1.16.4.tgz",
			"integrity": "sha512-ZzWuos7TI5CKUeQAtFd6Zhm2s6EpAD/ZLApIhsF9pRvRtM1RFo61dM/4MSRUA0SuLugA/zgrZD8m0BaY46Og7g==",
			"dev": true
		},
		"react-spring": {
			"version": "8.0.4",
			"resolved": "https://registry.npmjs.org/react-spring/-/react-spring-8.0.4.tgz",
			"integrity": "sha512-cNAs+ChoA4ZcUnVzd0KjJpkZCWOQSO82FtvYS6JlCgt4aRvpg7qbeq5ySTzFnAHo02mj0vhqQWf5MVpBZexuYA==",
			"dev": true,
			"requires": {
				"@babel/runtime": "^7.0.0"
			}
		},
		"regenerator-runtime": {
			"version": "0.12.1",
			"resolved": "https://registry.npmjs.org/regenerator-runtime/-/regenerator-runtime-0.12.1.tgz",
			"integrity": "sha512-odxIc1/vDlo4iZcfXqRYFj0vpXFNoGdKMAUieAlFYO6m/nl5e9KR/beGf41z4a1FI+aQgtjhuaSlDxQ0hmkrHg==",
			"dev": true
		},
		"typescript": {
			"version": "3.3.1",
			"resolved": "https://registry.npmjs.org/typescript/-/typescript-3.3.1.tgz",
			"integrity": "sha512-cTmIDFW7O0IHbn1DPYjkiebHxwtCMU+eTy30ZtJNBPF9j2O1ITu5XH2YnBeVRKWHqF+3JQwWJv0Q0aUgX8W7IA==",
			"dev": true
		}
	}
}
